
Microsoft Visual Studio Solution File, Format Version 12.00
# Visual Studio 15
VisualStudioVersion = 15.0.27004.2005
MinimumVisualStudioVersion = 10.0.40219.1
Project("{FAE04EC0-301F-11D3-BF4B-00C04F79EFBC}") = "AI.DAL", "AI.DAL\AI.DAL.csproj", "{45AA898D-7595-4026-8B02-D3310B018BE8}"
EndProject
Project("{FAE04EC0-301F-11D3-BF4B-00C04F79EFBC}") = "AI.BLL", "AI.BLL\AI.BLL.csproj", "{C5D7B7FB-C404-47D4-A86F-1D4FEA13C10A}"
EndProject
Project("{FAE04EC0-301F-11D3-BF4B-00C04F79EFBC}") = "AI.Interface", "AI.Interface\AI.Interface.csproj", "{BC5C87B4-01D5-43C2-9FA1-4DA2B775CF7F}"
EndProject
Project("{9A19103F-16F7-4668-BE54-9A1E7A4F7556}") = "AI.UI", "AI.UI\AI.UI.csproj", "{05E2CB86-1BFB-4C90-AF68-72E68DFB7465}"
EndProject
Global
	GlobalSection(SolutionConfigurationPlatforms) = preSolution
		Debug|Any CPU = Debug|Any CPU
		Release|Any CPU = Release|Any CPU
	EndGlobalSection
	GlobalSection(ProjectConfigurationPlatforms) = postSolution
		{45AA898D-7595-4026-8B02-D3310B018BE8}.Debug|Any CPU.ActiveCfg = Debug|Any CPU
		{45AA898D-7595-4026-8B02-D3310B018BE8}.Debug|Any CPU.Build.0 = Debug|Any CPU
		{45AA898D-7595-4026-8B02-D3310B018BE8}.Release|Any CPU.ActiveCfg = Release|Any CPU
		{45AA898D-7595-4026-8B02-D3310B018BE8}.Release|Any CPU.Build.0 = Release|Any CPU
		{C5D7B7FB-C404-47D4-A86F-1D4FEA13C10A}.Debug|Any CPU.ActiveCfg = Debug|Any CPU
		{C5D7B7FB-C404-47D4-A86F-1D4FEA13C10A}.Debug|Any CPU.Build.0 = Debug|Any CPU
		{C5D7B7FB-C404-47D4-A86F-1D4FEA13C10A}.Release|Any CPU.ActiveCfg = Release|Any CPU
		{C5D7B7FB-C404-47D4-A86F-1D4FEA13C10A}.Release|Any CPU.Build.0 = Release|Any CPU
		{BC5C87B4-01D5-43C2-9FA1-4DA2B775CF7F}.Debug|Any CPU.ActiveCfg = Debug|Any CPU
		{BC5C87B4-01D5-43C2-9FA1-4DA2B775CF7F}.Debug|Any CPU.Build.0 = Debug|Any CPU
		{BC5C87B4-01D5-43C2-9FA1-4DA2B775CF7F}.Release|Any CPU.ActiveCfg = Release|Any CPU
		{BC5C87B4-01D5-43C2-9FA1-4DA2B775CF7F}.Release|Any CPU.Build.0 = Release|Any CPU
		{05E2CB86-1BFB-4C90-AF68-72E68DFB7465}.Debug|Any CPU.ActiveCfg = Debug|Any CPU
		{05E2CB86-1BFB-4C90-AF68-72E68DFB7465}.Debug|Any CPU.Build.0 = Debug|Any CPU
		{05E2CB86-1BFB-4C90-AF68-72E68DFB7465}.Release|Any CPU.ActiveCfg = Release|Any CPU
		{05E2CB86-1BFB-4C90-AF68-72E68DFB7465}.Release|Any CPU.Build.0 = Release|Any CPU
	EndGlobalSection
	GlobalSection(SolutionProperties) = preSolution
		HideSolutionNode = FALSE
	EndGlobalSection
	GlobalSection(ExtensibilityGlobals) = postSolution
		SolutionGuid = {B5398CF2-2725-4263-B4E9-5E5F9C6104AC}
	EndGlobalSection
EndGlobal
